// !$*UTF8*$!
{
	archiveVersion = 1;
	classes = {
	};
	objectVersion = 46;
	objects = {

/* Begin PBXBuildFile section */
		5C4008A819FB9565001FBB6B /* main.m in Sources */ = {isa = PBXBuildFile; fileRef = 5C4008A719FB9565001FBB6B /* main.m */; };
		5C4008B319FB9565001FBB6B /* Images.xcassets in Resources */ = {isa = PBXBuildFile; fileRef = 5C4008B219FB9565001FBB6B /* Images.xcassets */; };
		5C4008C219FB9566001FBB6B /* EAColourfulProgressViewExampleTests.m in Sources */ = {isa = PBXBuildFile; fileRef = 5C4008C119FB9566001FBB6B /* EAColourfulProgressViewExampleTests.m */; };
		5C4008CF19FB9880001FBB6B /* AppDelegate.m in Sources */ = {isa = PBXBuildFile; fileRef = 5C4008CE19FB9880001FBB6B /* AppDelegate.m */; };
		5C4008D219FB98BE001FBB6B /* Main.storyboard in Resources */ = {isa = PBXBuildFile; fileRef = 5C4008D019FB98BE001FBB6B /* Main.storyboard */; };
		5C4008D719FB990B001FBB6B /* ViewController.m in Sources */ = {isa = PBXBuildFile; fileRef = 5C4008D619FB990B001FBB6B /* ViewController.m */; };
		5C4008EF19FB9DB1001FBB6B /* EAColourfulProgressView.m in Sources */ = {isa = PBXBuildFile; fileRef = 5C4008EE19FB9DB1001FBB6B /* EAColourfulProgressView.m */; };
/* End PBXBuildFile section */

/* Begin PBXContainerItemProxy section */
		5C4008BC19FB9566001FBB6B /* PBXContainerItemProxy */ = {
			isa = PBXContainerItemProxy;
			containerPortal = 5C40089A19FB9565001FBB6B /* Project object */;
			proxyType = 1;
			remoteGlobalIDString = 5C4008A119FB9565001FBB6B;
			remoteInfo = EAColourfulProgressViewExample;
		};
/* End PBXContainerItemProxy section */

/* Begin PBXFileReference section */
		5C4008A219FB9565001FBB6B /* EAColourfulProgressViewExample.app */ = {isa = PBXFileReference; explicitFileType = wrapper.application; includeInIndex = 0; path = EAColourfulProgressViewExample.app; sourceTree = BUILT_PRODUCTS_DIR; };
		5C4008A619FB9565001FBB6B /* Info.plist */ = {isa = PBXFileReference; lastKnownFileType = text.plist.xml; path = Info.plist; sourceTree = "<group>"; };
		5C4008A719FB9565001FBB6B /* main.m */ = {isa = PBXFileReference; lastKnownFileType = sourcecode.c.objc; path = main.m; sourceTree = "<group>"; };
		5C4008B219FB9565001FBB6B /* Images.xcassets */ = {isa = PBXFileReference; lastKnownFileType = folder.assetcatalog; path = Images.xcassets; sourceTree = "<group>"; };
		5C4008BB19FB9566001FBB6B /* EAColourfulProgressViewExampleTests.xctest */ = {isa = PBXFileReference; explicitFileType = wrapper.cfbundle; includeInIndex = 0; path = EAColourfulProgressViewExampleTests.xctest; sourceTree = BUILT_PRODUCTS_DIR; };
		5C4008C019FB9566001FBB6B /* Info.plist */ = {isa = PBXFileReference; lastKnownFileType = text.plist.xml; path = Info.plist; sourceTree = "<group>"; };
		5C4008C119FB9566001FBB6B /* EAColourfulProgressViewExampleTests.m */ = {isa = PBXFileReference; lastKnownFileType = sourcecode.c.objc; path = EAColourfulProgressViewExampleTests.m; sourceTree = "<group>"; };
		5C4008CD19FB9880001FBB6B /* AppDelegate.h */ = {isa = PBXFileReference; fileEncoding = 4; lastKnownFileType = sourcecode.c.h; path = AppDelegate.h; sourceTree = "<group>"; };
		5C4008CE19FB9880001FBB6B /* AppDelegate.m */ = {isa = PBXFileReference; fileEncoding = 4; lastKnownFileType = sourcecode.c.objc; path = AppDelegate.m; sourceTree = "<group>"; };
		5C4008D019FB98BE001FBB6B /* Main.storyboard */ = {isa = PBXFileReference; fileEncoding = 4; lastKnownFileType = file.storyboard; path = Main.storyboard; sourceTree = "<group>"; };
		5C4008D519FB990B001FBB6B /* ViewController.h */ = {isa = PBXFileReference; fileEncoding = 4; lastKnownFileType = sourcecode.c.h; path = ViewController.h; sourceTree = "<group>"; };
		5C4008D619FB990B001FBB6B /* ViewController.m */ = {isa = PBXFileReference; fileEncoding = 4; lastKnownFileType = sourcecode.c.objc; path = ViewController.m; sourceTree = "<group>"; };
		5C4008ED19FB9DB1001FBB6B /* EAColourfulProgressView.h */ = {isa = PBXFileReference; fileEncoding = 4; lastKnownFileType = sourcecode.c.h; path = EAColourfulProgressView.h; sourceTree = "<group>"; };
		5C4008EE19FB9DB1001FBB6B /* EAColourfulProgressView.m */ = {isa = PBXFileReference; fileEncoding = 4; lastKnownFileType = sourcecode.c.objc; path = EAColourfulProgressView.m; sourceTree = "<group>"; };
/* End PBXFileReference section */

/* Begin PBXFrameworksBuildPhase section */
		5C40089F19FB9565001FBB6B /* Frameworks */ = {
			isa = PBXFrameworksBuildPhase;
			buildActionMask = 2147483647;
			files = (
			);
			runOnlyForDeploymentPostprocessing = 0;
		};
		5C4008B819FB9566001FBB6B /* Frameworks */ = {
			isa = PBXFrameworksBuildPhase;
			buildActionMask = 2147483647;
			files = (
			);
			runOnlyForDeploymentPostprocessing = 0;
		};
/* End PBXFrameworksBuildPhase section */

/* Begin PBXGroup section */
		5C40089919FB9565001FBB6B = {
			isa = PBXGroup;
			children = (
				5C4008EC19FB9D0B001FBB6B /* EAColourfulProgressView */,
				5C4008A419FB9565001FBB6B /* EAColourfulProgressViewExample */,
				5C4008BE19FB9566001FBB6B /* EAColourfulProgressViewExampleTests */,
				5C4008A319FB9565001FBB6B /* Products */,
			);
			sourceTree = "<group>";
		};
		5C4008A319FB9565001FBB6B /* Products */ = {
			isa = PBXGroup;
			children = (
				5C4008A219FB9565001FBB6B /* EAColourfulProgressViewExample.app */,
				5C4008BB19FB9566001FBB6B /* EAColourfulProgressViewExampleTests.xctest */,
			);
			name = Products;
			sourceTree = "<group>";
		};
		5C4008A419FB9565001FBB6B /* EAColourfulProgressViewExample */ = {
			isa = PBXGroup;
			children = (
				5C4008CB19FB97F8001FBB6B /* AppDelegate */,
				5C4008CC19FB9849001FBB6B /* UserInterface */,
				5C4008D419FB98EA001FBB6B /* ViewControllers */,
				5C4008B219FB9565001FBB6B /* Images.xcassets */,
				5C4008A519FB9565001FBB6B /* Supporting Files */,
			);
			path = EAColourfulProgressViewExample;
			sourceTree = "<group>";
		};
		5C4008A519FB9565001FBB6B /* Supporting Files */ = {
			isa = PBXGroup;
			children = (
				5C4008A619FB9565001FBB6B /* Info.plist */,
				5C4008A719FB9565001FBB6B /* main.m */,
			);
			name = "Supporting Files";
			sourceTree = "<group>";
		};
		5C4008BE19FB9566001FBB6B /* EAColourfulProgressViewExampleTests */ = {
			isa = PBXGroup;
			children = (
				5C4008C119FB9566001FBB6B /* EAColourfulProgressViewExampleTests.m */,
				5C4008BF19FB9566001FBB6B /* Supporting Files */,
			);
			path = EAColourfulProgressViewExampleTests;
			sourceTree = "<group>";
		};
		5C4008BF19FB9566001FBB6B /* Supporting Files */ = {
			isa = PBXGroup;
			children = (
				5C4008C019FB9566001FBB6B /* Info.plist */,
			);
			name = "Supporting Files";
			sourceTree = "<group>";
		};
		5C4008CB19FB97F8001FBB6B /* AppDelegate */ = {
			isa = PBXGroup;
			children = (
				5C4008CD19FB9880001FBB6B /* AppDelegate.h */,
				5C4008CE19FB9880001FBB6B /* AppDelegate.m */,
			);
			path = AppDelegate;
			sourceTree = "<group>";
		};
		5C4008CC19FB9849001FBB6B /* UserInterface */ = {
			isa = PBXGroup;
			children = (
				5C4008D019FB98BE001FBB6B /* Main.storyboard */,
			);
			path = UserInterface;
			sourceTree = "<group>";
		};
		5C4008D419FB98EA001FBB6B /* ViewControllers */ = {
			isa = PBXGroup;
			children = (
				5C4008D519FB990B001FBB6B /* ViewController.h */,
				5C4008D619FB990B001FBB6B /* ViewController.m */,
			);
			path = ViewControllers;
			sourceTree = "<group>";
		};
		5C4008EC19FB9D0B001FBB6B /* EAColourfulProgressView */ = {
			isa = PBXGroup;
			children = (
				5C4008ED19FB9DB1001FBB6B /* EAColourfulProgressView.h */,
				5C4008EE19FB9DB1001FBB6B /* EAColourfulProgressView.m */,
			);
			name = EAColourfulProgressView;
			path = ../EAColourfulProgressView;
			sourceTree = "<group>";
		};
/* End PBXGroup section */

/* Begin PBXNativeTarget section */
		5C4008A119FB9565001FBB6B /* EAColourfulProgressViewExample */ = {
			isa = PBXNativeTarget;
			buildConfigurationList = 5C4008C519FB9566001FBB6B /* Build configuration list for PBXNativeTarget "EAColourfulProgressViewExample" */;
			buildPhases = (
				5C40089E19FB9565001FBB6B /* Sources */,
				5C40089F19FB9565001FBB6B /* Frameworks */,
				5C4008A019FB9565001FBB6B /* Resources */,
			);
			buildRules = (
			);
			dependencies = (
			);
			name = EAColourfulProgressViewExample;
			productName = EAColourfulProgressViewExample;
			productReference = 5C4008A219FB9565001FBB6B /* EAColourfulProgressViewExample.app */;
			productType = "com.apple.product-type.application";
		};
		5C4008BA19FB9566001FBB6B /* EAColourfulProgressViewExampleTests */ = {
			isa = PBXNativeTarget;
			buildConfigurationList = 5C4008C819FB9566001FBB6B /* Build configuration list for PBXNativeTarget "EAColourfulProgressViewExampleTests" */;
			buildPhases = (
				5C4008B719FB9566001FBB6B /* Sources */,
				5C4008B819FB9566001FBB6B /* Frameworks */,
				5C4008B919FB9566001FBB6B /* Resources */,
			);
			buildRules = (
			);
			dependencies = (
				5C4008BD19FB9566001FBB6B /* PBXTargetDependency */,
			);
			name = EAColourfulProgressViewExampleTests;
			productName = EAColourfulProgressViewExampleTests;
			productReference = 5C4008BB19FB9566001FBB6B /* EAColourfulProgressViewExampleTests.xctest */;
			productType = "com.apple.product-type.bundle.unit-test";
		};
/* End PBXNativeTarget section */

/* Begin PBXProject section */
		5C40089A19FB9565001FBB6B /* Project object */ = {
			isa = PBXProject;
			attributes = {
				LastUpgradeCheck = 0610;
				ORGANIZATIONNAME = xpto;
				TargetAttributes = {
					5C4008A119FB9565001FBB6B = {
						CreatedOnToolsVersion = 6.1;
					};
					5C4008BA19FB9566001FBB6B = {
						CreatedOnToolsVersion = 6.1;
						TestTargetID = 5C4008A119FB9565001FBB6B;
					};
				};
			};
			buildConfigurationList = 5C40089D19FB9565001FBB6B /* Build configuration list for PBXProject "EAColourfulProgressViewExample" */;
			compatibilityVersion = "Xcode 3.2";
			developmentRegion = English;
			hasScannedForEncodings = 0;
			knownRegions = (
				en,
				Base,
			);
			mainGroup = 5C40089919FB9565001FBB6B;
			productRefGroup = 5C4008A319FB9565001FBB6B /* Products */;
			projectDirPath = "";
			projectRoot = "";
			targets = (
				5C4008A119FB9565001FBB6B /* EAColourfulProgressViewExample */,
				5C4008BA19FB9566001FBB6B /* EAColourfulProgressViewExampleTests */,
			);
		};
/* End PBXProject section */

/* Begin PBXResourcesBuildPhase section */
		5C4008A019FB9565001FBB6B /* Resources */ = {
			isa = PBXResourcesBuildPhase;
			buildActionMask = 2147483647;
			files = (
				5C4008B319FB9565001FBB6B /* Images.xcassets in Resources */,
				5C4008D219FB98BE001FBB6B /* Main.storyboard in Resources */,
			);
			runOnlyForDeploymentPostprocessing = 0;
		};
		5C4008B919FB9566001FBB6B /* Resources */ = {
			isa = PBXResourcesBuildPhase;
			buildActionMask = 2147483647;
			files = (
			);
			runOnlyForDeploymentPostprocessing = 0;
		};
/* End PBXResourcesBuildPhase section */

/* Begin PBXSourcesBuildPhase section */
		5C40089E19FB9565001FBB6B /* Sources */ = {
			isa = PBXSourcesBuildPhase;
			buildActionMask = 2147483647;
			files = (
				5C4008D719FB990B001FBB6B /* ViewController.m in Sources */,
				5C4008EF19FB9DB1001FBB6B /* EAColourfulProgressView.m in Sources */,
				5C4008A819FB9565001FBB6B /* main.m in Sources */,
				5C4008CF19FB9880001FBB6B /* AppDelegate.m in Sources */,
			);
			runOnlyForDeploymentPostprocessing = 0;
		};
		5C4008B719FB9566001FBB6B /* Sources */ = {
			isa = PBXSourcesBuildPhase;
			buildActionMask = 2147483647;
			files = (
				5C4008C219FB9566001FBB6B /* EAColourfulProgressViewExampleTests.m in Sources */,
			);
			runOnlyForDeploymentPostprocessing = 0;
		};
/* End PBXSourcesBuildPhase section */

/* Begin PBXTargetDependency section */
		5C4008BD19FB9566001FBB6B /* PBXTargetDependency */ = {
			isa = PBXTargetDependency;
			target = 5C4008A119FB9565001FBB6B /* EAColourfulProgressViewExample */;
			targetProxy = 5C4008BC19FB9566001FBB6B /* PBXContainerItemProxy */;
		};
/* End PBXTargetDependency section */

/* Begin XCBuildConfiguration section */
		5C4008C319FB9566001FBB6B /* Debug */ = {
			isa = XCBuildConfiguration;
			buildSettings = {
				ALWAYS_SEARCH_USER_PATHS = NO;
				CLANG_CXX_LANGUAGE_STANDARD = "gnu++0x";
				CLANG_CXX_LIBRARY = "libc++";
				CLANG_ENABLE_MODULES = YES;
				CLANG_ENABLE_OBJC_ARC = YES;
				CLANG_WARN_BOOL_CONVERSION = YES;
				CLANG_WARN_CONSTANT_CONVERSION = YES;
				CLANG_WARN_DIRECT_OBJC_ISA_USAGE = YES_ERROR;
				CLANG_WARN_EMPTY_BODY = YES;
				CLANG_WARN_ENUM_CONVERSION = YES;
				CLANG_WARN_INT_CONVERSION = YES;
				CLANG_WARN_OBJC_ROOT_CLASS = YES_ERROR;
				CLANG_WARN_UNREACHABLE_CODE = YES;
				CLANG_WARN__DUPLICATE_METHOD_MATCH = YES;
				"CODE_SIGN_IDENTITY[sdk=iphoneos*]" = "iPhone Developer";
				COPY_PHASE_STRIP = NO;
				ENABLE_STRICT_OBJC_MSGSEND = YES;
				GCC_C_LANGUAGE_STANDARD = gnu99;
				GCC_DYNAMIC_NO_PIC = NO;
				GCC_OPTIMIZATION_LEVEL = 0;
				GCC_PREPROCESSOR_DEFINITIONS = (
					"DEBUG=1",
					"$(inherited)",
				);
				GCC_SYMBOLS_PRIVATE_EXTERN = NO;
				GCC_WARN_64_TO_32_BIT_CONVERSION = YES;
				GCC_WARN_ABOUT_RETURN_TYPE = YES_ERROR;
				GCC_WARN_UNDECLARED_SELECTOR = YES;
				GCC_WARN_UNINITIALIZED_AUTOS = YES_AGGRESSIVE;
				GCC_WARN_UNUSED_FUNCTION = YES;
				GCC_WARN_UNUSED_VARIABLE = YES;
				IPHONEOS_DEPLOYMENT_TARGET = 8.1;
				MTL_ENABLE_DEBUG_INFO = YES;
				ONLY_ACTIVE_ARCH = YES;
				SDKROOT = iphoneos;
				TARGETED_DEVICE_FAMILY = "1,2";
			};
			name = Debug;
		};
		5C4008C419FB9566001FBB6B /* Release */ = {
			isa = XCBuildConfiguration;
			buildSettings = {
				ALWAYS_SEARCH_USER_PATHS = NO;
				CLANG_CXX_LANGUAGE_STANDARD = "gnu++0x";
				CLANG_CXX_LIBRARY = "libc++";
				CLANG_ENABLE_MODULES = YES;
				CLANG_ENABLE_OBJC_ARC = YES;
				CLANG_WARN_BOOL_CONVERSION = YES;
				CLANG_WARN_CONSTANT_CONVERSION = YES;
				CLANG_WARN_DIRECT_OBJC_ISA_USAGE = YES_ERROR;
				CLANG_WARN_EMPTY_BODY = YES;
				CLANG_WARN_ENUM_CONVERSION = YES;
				CLANG_WARN_INT_CONVERSION = YES;
				CLANG_WARN_OBJC_ROOT_CLASS = YES_ERROR;
				CLANG_WARN_UNREACHABLE_CODE = YES;
				CLANG_WARN__DUPLICATE_METHOD_MATCH = YES;
				"CODE_SIGN_IDENTITY[sdk=iphoneos*]" = "iPhone Developer";
				COPY_PHASE_STRIP = YES;
				ENABLE_NS_ASSERTIONS = NO;
				ENABLE_STRICT_OBJC_MSGSEND = YES;
				GCC_C_LANGUAGE_STANDARD = gnu99;
				GCC_WARN_64_TO_32_BIT_CONVERSION = YES;
				GCC_WARN_ABOUT_RETURN_TYPE = YES_ERROR;
				GCC_WARN_UNDECLARED_SELECTOR = YES;
				GCC_WARN_UNINITIALIZED_AUTOS = YES_AGGRESSIVE;
				GCC_WARN_UNUSED_FUNCTION = YES;
				GCC_WARN_UNUSED_VARIABLE = YES;
				IPHONEOS_DEPLOYMENT_TARGET = 8.1;
				MTL_ENABLE_DEBUG_INFO = NO;
				SDKROOT = iphoneos;
				TARGETED_DEVICE_FAMILY = "1,2";
				VALIDATE_PRODUCT = YES;
			};
			name = Release;
		};
		5C4008C619FB9566001FBB6B /* Debug */ = {
			isa = XCBuildConfiguration;
			buildSettings = {
				ASSETCATALOG_COMPILER_APPICON_NAME = AppIcon;
				INFOPLIST_FILE = EAColourfulProgressViewExample/Info.plist;
				LD_RUNPATH_SEARCH_PATHS = "$(inherited) @executable_path/Frameworks";
				PRODUCT_NAME = "$(TARGET_NAME)";
			};
			name = Debug;
		};
		5C4008C719FB9566001FBB6B /* Release */ = {
			isa = XCBuildConfiguration;
			buildSettings = {
				ASSETCATALOG_COMPILER_APPICON_NAME = AppIcon;
				INFOPLIST_FILE = EAColourfulProgressViewExample/Info.plist;
				LD_RUNPATH_SEARCH_PATHS = "$(inherited) @executable_path/Frameworks";
				PRODUCT_NAME = "$(TARGET_NAME)";
			};
			name = Release;
		};
		5C4008C919FB9566001FBB6B /* Debug */ = {
			isa = XCBuildConfiguration;
			buildSettings = {
				BUNDLE_LOADER = "$(TEST_HOST)";
				FRAMEWORK_SEARCH_PATHS = (
					"$(SDKROOT)/Developer/Library/Frameworks",
					"$(inherited)",
				);
				GCC_PREPROCESSOR_DEFINITIONS = (
					"DEBUG=1",
					"$(inherited)",
				);
				INFOPLIST_FILE = EAColourfulProgressViewExampleTests/Info.plist;
				LD_RUNPATH_SEARCH_PATHS = "$(inherited) @executable_path/Frameworks @loader_path/Frameworks";
				PRODUCT_NAME = "$(TARGET_NAME)";
				TEST_HOST = "$(BUILT_PRODUCTS_DIR)/EAColourfulProgressViewExample.app/EAColourfulProgressViewExample";
			};
			name = Debug;
		};
		5C4008CA19FB9566001FBB6B /* Release */ = {
			isa = XCBuildConfiguration;
			buildSettings = {
				BUNDLE_LOADER = "$(TEST_HOST)";
				FRAMEWORK_SEARCH_PATHS = (
					"$(SDKROOT)/Developer/Library/Frameworks",
					"$(inherited)",
				);
				INFOPLIST_FILE = EAColourfulProgressViewExampleTests/Info.plist;
				LD_RUNPATH_SEARCH_PATHS = "$(inherited) @executable_path/Frameworks @loader_path/Frameworks";
				PRODUCT_NAME = "$(TARGET_NAME)";
				TEST_HOST = "$(BUILT_PRODUCTS_DIR)/EAColourfulProgressViewExample.app/EAColourfulProgressViewExample";
			};
			name = Release;
		};
/* End XCBuildConfiguration section */

/* Begin XCConfigurationList section */
		5C40089D19FB9565001FBB6B /* Build configuration list for PBXProject "EAColourfulProgressViewExample" */ = {
			isa = XCConfigurationList;
			buildConfigurations = (
				5C4008C319FB9566001FBB6B /* Debug */,
				5C4008C419FB9566001FBB6B /* Release */,
			);
			defaultConfigurationIsVisible = 0;
			defaultConfigurationName = Release;
		};
		5C4008C519FB9566001FBB6B /* Build configuration list for PBXNativeTarget "EAColourfulProgressViewExample" */ = {
			isa = XCConfigurationList;
			buildConfigurations = (
				5C4008C619FB9566001FBB6B /* Debug */,
				5C4008C719FB9566001FBB6B /* Release */,
			);
			defaultConfigurationIsVisible = 0;
			defaultConfigurationName = Release;
		};
		5C4008C819FB9566001FBB6B /* Build configuration list for PBXNativeTarget "EAColourfulProgressViewExampleTests" */ = {
			isa = XCConfigurationList;
			buildConfigurations = (
				5C4008C919FB9566001FBB6B /* Debug */,
				5C4008CA19FB9566001FBB6B /* Release */,
			);
			defaultConfigurationIsVisible = 0;
			defaultConfigurationName = Release;
		};
/* End XCConfigurationList section */
	};
	rootObject = 5C40089A19FB9565001FBB6B /* Project object */;
}
